
Microsoft Visual Studio Solution File, Format Version 12.00
# Visual Studio Version 17
VisualStudioVersion = 17.14.36414.22 d17.14
MinimumVisualStudioVersion = 10.0.40219.1
Project("{FAE04EC0-301F-11D3-BF4B-00C04F79EFBC}") = "RestaurantSimulation", "RestaurantSimulation.csproj", "{3F5CFDA8-0369-47EE-8CE4-05E10ED77FDD}"
EndProject
Project("{FAE04EC0-301F-11D3-BF4B-00C04F79EFBC}") = "RestaurantSimulation.Domain", "..\RestaurantSimulation.Domain\RestaurantSimulation.Domain.csproj", "{F33F893E-772C-46C8-8A62-29F6A6908085}"
EndProject
Project("{FAE04EC0-301F-11D3-BF4B-00C04F79EFBC}") = "RestaurantSimulation.Application", "..\RestaurantSimulation.Application\RestaurantSimulation.Application.csproj", "{95B469E4-851B-4D05-8BB0-024532403818}"
EndProject
Project("{FAE04EC0-301F-11D3-BF4B-00C04F79EFBC}") = "RestaurantSimulation.Infrastructure", "..\RestaurantSimulation.Infrastructure\RestaurantSimulation.Infrastructure.csproj", "{372CCCDE-5571-434B-BDE0-0341F15EC8FA}"
EndProject
Global
	GlobalSection(SolutionConfigurationPlatforms) = preSolution
		Debug|Any CPU = Debug|Any CPU
		Release|Any CPU = Release|Any CPU
	EndGlobalSection
	GlobalSection(ProjectConfigurationPlatforms) = postSolution
		{3F5CFDA8-0369-47EE-8CE4-05E10ED77FDD}.Debug|Any CPU.ActiveCfg = Debug|Any CPU
		{3F5CFDA8-0369-47EE-8CE4-05E10ED77FDD}.Debug|Any CPU.Build.0 = Debug|Any CPU
		{3F5CFDA8-0369-47EE-8CE4-05E10ED77FDD}.Release|Any CPU.ActiveCfg = Release|Any CPU
		{3F5CFDA8-0369-47EE-8CE4-05E10ED77FDD}.Release|Any CPU.Build.0 = Release|Any CPU
		{F33F893E-772C-46C8-8A62-29F6A6908085}.Debug|Any CPU.ActiveCfg = Debug|Any CPU
		{F33F893E-772C-46C8-8A62-29F6A6908085}.Debug|Any CPU.Build.0 = Debug|Any CPU
		{F33F893E-772C-46C8-8A62-29F6A6908085}.Release|Any CPU.ActiveCfg = Release|Any CPU
		{F33F893E-772C-46C8-8A62-29F6A6908085}.Release|Any CPU.Build.0 = Release|Any CPU
		{95B469E4-851B-4D05-8BB0-024532403818}.Debug|Any CPU.ActiveCfg = Debug|Any CPU
		{95B469E4-851B-4D05-8BB0-024532403818}.Debug|Any CPU.Build.0 = Debug|Any CPU
		{95B469E4-851B-4D05-8BB0-024532403818}.Release|Any CPU.ActiveCfg = Release|Any CPU
		{95B469E4-851B-4D05-8BB0-024532403818}.Release|Any CPU.Build.0 = Release|Any CPU
		{372CCCDE-5571-434B-BDE0-0341F15EC8FA}.Debug|Any CPU.ActiveCfg = Debug|Any CPU
		{372CCCDE-5571-434B-BDE0-0341F15EC8FA}.Debug|Any CPU.Build.0 = Debug|Any CPU
		{372CCCDE-5571-434B-BDE0-0341F15EC8FA}.Release|Any CPU.ActiveCfg = Release|Any CPU
		{372CCCDE-5571-434B-BDE0-0341F15EC8FA}.Release|Any CPU.Build.0 = Release|Any CPU
	EndGlobalSection
	GlobalSection(SolutionProperties) = preSolution
		HideSolutionNode = FALSE
	EndGlobalSection
	GlobalSection(ExtensibilityGlobals) = postSolution
		SolutionGuid = {81BA0597-B9DA-4ADA-8281-CC881A1EAE5A}
	EndGlobalSection
EndGlobal
